{
  "nodes": {
    "auto-openapi-tests": {
      "inputs": {
        "flake-utils": "flake-utils_2",
        "nix-filter": "nix-filter_2",
        "nixpkgs": "nixpkgs_2"
      },
      "locked": {
        "lastModified": 1692958311,
        "narHash": "sha256-liqQ/Y/o6XPYYJUI/uswgVubp0Csdnj5R5jnCPnlQl8=",
        "owner": "openeduhub",
        "repo": "auto-openapi-tests",
        "rev": "632ca342ed68672436d0b1dbd5d791db8a5dede2",
        "type": "github"
      },
      "original": {
        "owner": "openeduhub",
        "repo": "auto-openapi-tests",
        "type": "github"
      }
    },
    "flake-utils": {
      "inputs": {
        "systems": "systems"
      },
      "locked": {
        "lastModified": 1689068808,
        "narHash": "sha256-6ixXo3wt24N/melDWjq70UuHQLxGV8jZvooRanIHXw0=",
        "owner": "numtide",
        "repo": "flake-utils",
        "rev": "919d646de7be200f3bf08cb76ae1f09402b6f9b4",
        "type": "github"
      },
      "original": {
        "owner": "numtide",
        "repo": "flake-utils",
        "type": "github"
      }
    },
    "flake-utils_2": {
      "inputs": {
        "systems": "systems_2"
      },
      "locked": {
        "lastModified": 1692799911,
        "narHash": "sha256-3eihraek4qL744EvQXsK1Ha6C3CR7nnT8X2qWap4RNk=",
        "owner": "numtide",
        "repo": "flake-utils",
        "rev": "f9e7cf818399d17d347f847525c5a5a8032e4e44",
        "type": "github"
      },
      "original": {
        "owner": "numtide",
        "repo": "flake-utils",
        "type": "github"
      }
    },
    "nix-filter": {
      "locked": {
        "lastModified": 1687178632,
        "narHash": "sha256-HS7YR5erss0JCaUijPeyg2XrisEb959FIct3n2TMGbE=",
        "owner": "numtide",
        "repo": "nix-filter",
        "rev": "d90c75e8319d0dd9be67d933d8eb9d0894ec9174",
        "type": "github"
      },
      "original": {
        "owner": "numtide",
        "repo": "nix-filter",
        "type": "github"
      }
    },
    "nix-filter_2": {
      "locked": {
        "lastModified": 1687178632,
        "narHash": "sha256-HS7YR5erss0JCaUijPeyg2XrisEb959FIct3n2TMGbE=",
        "owner": "numtide",
        "repo": "nix-filter",
        "rev": "d90c75e8319d0dd9be67d933d8eb9d0894ec9174",
        "type": "github"
      },
      "original": {
        "owner": "numtide",
        "repo": "nix-filter",
        "type": "github"
      }
    },
    "nixpkgs": {
      "locked": {
        "lastModified": 1690927903,
        "narHash": "sha256-D5gCaCROnjEKDOel//8TO/pOP87pAEtT0uT8X+0Bj/U=",
        "owner": "nixos",
        "repo": "nixpkgs",
        "rev": "bd836ac5e5a7358dea73cb74a013ca32864ccb86",
        "type": "github"
      },
      "original": {
        "owner": "nixos",
        "ref": "nixos-23.05",
        "repo": "nixpkgs",
        "type": "github"
      }
    },
    "nixpkgs-unstable": {
      "locked": {
        "lastModified": 1691899779,
        "narHash": "sha256-IBf4KVr/UQJlzrqB2/IHtlvmwsvyIVLPerSzCPU/6Xk=",
        "owner": "nixos",
        "repo": "nixpkgs",
        "rev": "100a1550b0e7a64b960c625b656f9229bdef5f87",
        "type": "github"
      },
      "original": {
        "owner": "nixos",
        "ref": "nixos-unstable",
        "repo": "nixpkgs",
        "type": "github"
      }
    },
    "nixpkgs_2": {
      "locked": {
        "lastModified": 1692808169,
        "narHash": "sha256-x9Opq06rIiwdwGeK2Ykj69dNc2IvUH1fY55Wm7atwrE=",
        "owner": "nixos",
        "repo": "nixpkgs",
        "rev": "9201b5ff357e781bf014d0330d18555695df7ba8",
        "type": "github"
      },
      "original": {
        "owner": "nixos",
        "ref": "nixpkgs-unstable",
        "repo": "nixpkgs",
        "type": "github"
      }
    },
    "nltk-data": {
      "flake": false,
      "locked": {
        "lastModified": 1675306065,
        "narHash": "sha256-RFywUkesoUL8tbiKLs6Pa+NpoEOq9eu1dP83n5XkNpY=",
        "owner": "nltk",
        "repo": "nltk_data",
        "rev": "5db857e6f7df11eabb5e5665836db9ec8df07e28",
        "type": "github"
      },
      "original": {
        "owner": "nltk",
        "repo": "nltk_data",
        "type": "github"
      }
    },
    "oeh-metadata-vocabs": {
      "flake": false,
      "locked": {
        "lastModified": 1692225951,
        "narHash": "sha256-B1YK8ERuM7xuKjzYY5WAognbmCgTWbrcONS8xGU+KnQ=",
        "owner": "openeduhub",
        "repo": "oeh-metadata-vocabs",
        "rev": "8f0982af46a10879fb2dedf47a0e37d9c2e53b8c",
        "type": "github"
      },
      "original": {
        "owner": "openeduhub",
        "repo": "oeh-metadata-vocabs",
        "type": "github"
      }
    },
    "openapi-checks": {
      "inputs": {
        "auto-openapi-tests": "auto-openapi-tests",
        "flake-utils": [
          "flake-utils"
        ],
        "nixpkgs": [
          "nixpkgs"
        ],
        "nixpkgs-unstable": "nixpkgs-unstable"
      },
      "locked": {
        "lastModified": 1692958500,
        "narHash": "sha256-zMODGgMDkoqrWKuH6deecwXs5xJFXxHGNmENjO22t9A=",
        "owner": "openeduhub",
        "repo": "nix-openapi-checks",
        "rev": "8dd430ff202e64dc1ad43bbbcb9bc21d929fd7d7",
        "type": "github"
      },
      "original": {
        "owner": "openeduhub",
        "repo": "nix-openapi-checks",
        "type": "github"
      }
    },
    "root": {
      "inputs": {
        "flake-utils": "flake-utils",
        "nix-filter": "nix-filter",
        "nixpkgs": "nixpkgs",
        "nltk-data": "nltk-data",
        "oeh-metadata-vocabs": "oeh-metadata-vocabs",
        "openapi-checks": "openapi-checks"
      }
    },
    "systems": {
      "locked": {
        "lastModified": 1681028828,
        "narHash": "sha256-Vy1rq5AaRuLzOxct8nz4T6wlgyUR7zLU309k9mBC768=",
        "owner": "nix-systems",
        "repo": "default",
        "rev": "da67096a3b9bf56a91d16901293e51ba5b49a27e",
        "type": "github"
      },
      "original": {
        "owner": "nix-systems",
        "repo": "default",
        "type": "github"
      }
    },
    "systems_2": {
      "locked": {
        "lastModified": 1681028828,
        "narHash": "sha256-Vy1rq5AaRuLzOxct8nz4T6wlgyUR7zLU309k9mBC768=",
        "owner": "nix-systems",
        "repo": "default",
        "rev": "da67096a3b9bf56a91d16901293e51ba5b49a27e",
        "type": "github"
      },
      "original": {
        "owner": "nix-systems",
        "repo": "default",
        "type": "github"
      }
    }
  },
  "root": "root",
  "version": 7
}
