{
  "nodes": {
    "flake-utils": {
      "inputs": {
        "systems": "systems"
      },
      "locked": {
        "lastModified": 1689068808,
        "narHash": "sha256-6ixXo3wt24N/melDWjq70UuHQLxGV8jZvooRanIHXw0=",
        "owner": "numtide",
        "repo": "flake-utils",
        "rev": "919d646de7be200f3bf08cb76ae1f09402b6f9b4",
        "type": "github"
      },
      "original": {
        "owner": "numtide",
        "repo": "flake-utils",
        "type": "github"
      }
    },
    "nix-filter": {
      "locked": {
        "lastModified": 1687178632,
        "narHash": "sha256-HS7YR5erss0JCaUijPeyg2XrisEb959FIct3n2TMGbE=",
        "owner": "numtide",
        "repo": "nix-filter",
        "rev": "d90c75e8319d0dd9be67d933d8eb9d0894ec9174",
        "type": "github"
      },
      "original": {
        "owner": "numtide",
        "repo": "nix-filter",
        "type": "github"
      }
    },
    "nixpkgs": {
      "locked": {
        "lastModified": 1690927903,
        "narHash": "sha256-D5gCaCROnjEKDOel//8TO/pOP87pAEtT0uT8X+0Bj/U=",
        "owner": "nixos",
        "repo": "nixpkgs",
        "rev": "bd836ac5e5a7358dea73cb74a013ca32864ccb86",
        "type": "github"
      },
      "original": {
        "owner": "nixos",
        "ref": "nixos-23.05",
        "repo": "nixpkgs",
        "type": "github"
      }
    },
    "nixpkgs-unstable": {
      "locked": {
        "lastModified": 1691899779,
        "narHash": "sha256-IBf4KVr/UQJlzrqB2/IHtlvmwsvyIVLPerSzCPU/6Xk=",
        "owner": "nixos",
        "repo": "nixpkgs",
        "rev": "100a1550b0e7a64b960c625b656f9229bdef5f87",
        "type": "github"
      },
      "original": {
        "owner": "nixos",
        "ref": "nixos-unstable",
        "repo": "nixpkgs",
        "type": "github"
      }
    },
    "nltk-data": {
      "flake": false,
      "locked": {
        "lastModified": 1675306065,
        "narHash": "sha256-RFywUkesoUL8tbiKLs6Pa+NpoEOq9eu1dP83n5XkNpY=",
        "owner": "nltk",
        "repo": "nltk_data",
        "rev": "5db857e6f7df11eabb5e5665836db9ec8df07e28",
        "type": "github"
      },
      "original": {
        "owner": "nltk",
        "repo": "nltk_data",
        "type": "github"
      }
    },
    "oeh-metadata-vocabs": {
      "flake": false,
      "locked": {
        "lastModified": 1692225951,
        "narHash": "sha256-B1YK8ERuM7xuKjzYY5WAognbmCgTWbrcONS8xGU+KnQ=",
        "owner": "openeduhub",
        "repo": "oeh-metadata-vocabs",
        "rev": "8f0982af46a10879fb2dedf47a0e37d9c2e53b8c",
        "type": "github"
      },
      "original": {
        "owner": "openeduhub",
        "repo": "oeh-metadata-vocabs",
        "type": "github"
      }
    },
    "openapi-checks": {
      "inputs": {
        "flake-utils": [
          "flake-utils"
        ],
        "nixpkgs": [
          "nixpkgs"
        ],
        "nixpkgs-unstable": "nixpkgs-unstable"
      },
      "locked": {
        "lastModified": 1692023274,
        "narHash": "sha256-PiL/koPiJ4qa/6fsWjP9scS8CQdBTL9BMzNTJFUQ0pk=",
        "owner": "openeduhub",
        "repo": "nix-openapi-checks",
        "rev": "47dfb71557761242cd8b269d4953087f3a617d1a",
        "type": "github"
      },
      "original": {
        "owner": "openeduhub",
        "repo": "nix-openapi-checks",
        "type": "github"
      }
    },
    "root": {
      "inputs": {
        "flake-utils": "flake-utils",
        "nix-filter": "nix-filter",
        "nixpkgs": "nixpkgs",
        "nltk-data": "nltk-data",
        "oeh-metadata-vocabs": "oeh-metadata-vocabs",
        "openapi-checks": "openapi-checks"
      }
    },
    "systems": {
      "locked": {
        "lastModified": 1681028828,
        "narHash": "sha256-Vy1rq5AaRuLzOxct8nz4T6wlgyUR7zLU309k9mBC768=",
        "owner": "nix-systems",
        "repo": "default",
        "rev": "da67096a3b9bf56a91d16901293e51ba5b49a27e",
        "type": "github"
      },
      "original": {
        "owner": "nix-systems",
        "repo": "default",
        "type": "github"
      }
    }
  },
  "root": "root",
  "version": 7
}
