{
  "nodes": {
    "auto-openapi-tests": {
      "inputs": {
        "flake-utils": [
          "openapi-checks",
          "flake-utils"
        ],
        "nix-filter": "nix-filter_2",
        "nixpkgs": [
          "openapi-checks",
          "nixpkgs"
        ]
      },
      "locked": {
        "lastModified": 1701854814,
        "narHash": "sha256-8THbr/DlYUTTj/a+pZDpWfjLwyoGDh9tvHK32MkZ5kw=",
        "owner": "openeduhub",
        "repo": "auto-openapi-tests",
        "rev": "275148326092f2f61d6534239e22102d39019600",
        "type": "github"
      },
      "original": {
        "owner": "openeduhub",
        "repo": "auto-openapi-tests",
        "type": "github"
      }
    },
    "flake-utils": {
      "inputs": {
        "systems": "systems"
      },
      "locked": {
        "lastModified": 1701680307,
        "narHash": "sha256-kAuep2h5ajznlPMD9rnQyffWG8EM/C73lejGofXvdM8=",
        "owner": "numtide",
        "repo": "flake-utils",
        "rev": "4022d587cbbfd70fe950c1e2083a02621806a725",
        "type": "github"
      },
      "original": {
        "owner": "numtide",
        "repo": "flake-utils",
        "type": "github"
      }
    },
    "nix-filter": {
      "locked": {
        "lastModified": 1701697642,
        "narHash": "sha256-L217WytWZHSY8GW9Gx1A64OnNctbuDbfslaTEofXXRw=",
        "owner": "numtide",
        "repo": "nix-filter",
        "rev": "c843418ecfd0344ecb85844b082ff5675e02c443",
        "type": "github"
      },
      "original": {
        "owner": "numtide",
        "repo": "nix-filter",
        "type": "github"
      }
    },
    "nix-filter_2": {
      "locked": {
        "lastModified": 1701697642,
        "narHash": "sha256-L217WytWZHSY8GW9Gx1A64OnNctbuDbfslaTEofXXRw=",
        "owner": "numtide",
        "repo": "nix-filter",
        "rev": "c843418ecfd0344ecb85844b082ff5675e02c443",
        "type": "github"
      },
      "original": {
        "owner": "numtide",
        "repo": "nix-filter",
        "type": "github"
      }
    },
    "nixpkgs": {
      "locked": {
        "lastModified": 1701539137,
        "narHash": "sha256-nVO/5QYpf1GwjvtpXhyxx5M3U/WN0MwBro4Lsk+9mL0=",
        "owner": "nixos",
        "repo": "nixpkgs",
        "rev": "933d7dc155096e7575d207be6fb7792bc9f34f6d",
        "type": "github"
      },
      "original": {
        "owner": "nixos",
        "ref": "nixos-23.11",
        "repo": "nixpkgs",
        "type": "github"
      }
    },
    "nltk-data": {
      "flake": false,
      "locked": {
        "lastModified": 1675306065,
        "narHash": "sha256-RFywUkesoUL8tbiKLs6Pa+NpoEOq9eu1dP83n5XkNpY=",
        "owner": "nltk",
        "repo": "nltk_data",
        "rev": "5db857e6f7df11eabb5e5665836db9ec8df07e28",
        "type": "github"
      },
      "original": {
        "owner": "nltk",
        "repo": "nltk_data",
        "type": "github"
      }
    },
    "oeh-metadata-vocabs": {
      "flake": false,
      "locked": {
        "lastModified": 1700462582,
        "narHash": "sha256-/IN2CkxkbKi0hsI8svWbVcCrRB6Zn/vi7XnkecLARJI=",
        "owner": "openeduhub",
        "repo": "oeh-metadata-vocabs",
        "rev": "f87ddd2ebb76955f218a44f3c190f0578726b23a",
        "type": "github"
      },
      "original": {
        "owner": "openeduhub",
        "repo": "oeh-metadata-vocabs",
        "type": "github"
      }
    },
    "openapi-checks": {
      "inputs": {
        "auto-openapi-tests": "auto-openapi-tests",
        "flake-utils": [
          "flake-utils"
        ],
        "nixpkgs": [
          "nixpkgs"
        ]
      },
      "locked": {
        "lastModified": 1701854891,
        "narHash": "sha256-YRdKE9QWYSe3W5vGw4PeT/sn/lo6hZ+d+ex6d0kJ0rk=",
        "owner": "openeduhub",
        "repo": "nix-openapi-checks",
        "rev": "d4657285911d2214d7a4c364fcc0b4b84281d180",
        "type": "github"
      },
      "original": {
        "owner": "openeduhub",
        "repo": "nix-openapi-checks",
        "type": "github"
      }
    },
    "root": {
      "inputs": {
        "flake-utils": "flake-utils",
        "nix-filter": "nix-filter",
        "nixpkgs": "nixpkgs",
        "nltk-data": "nltk-data",
        "oeh-metadata-vocabs": "oeh-metadata-vocabs",
        "openapi-checks": "openapi-checks"
      }
    },
    "systems": {
      "locked": {
        "lastModified": 1681028828,
        "narHash": "sha256-Vy1rq5AaRuLzOxct8nz4T6wlgyUR7zLU309k9mBC768=",
        "owner": "nix-systems",
        "repo": "default",
        "rev": "da67096a3b9bf56a91d16901293e51ba5b49a27e",
        "type": "github"
      },
      "original": {
        "owner": "nix-systems",
        "repo": "default",
        "type": "github"
      }
    }
  },
  "root": "root",
  "version": 7
}
